
Microsoft Visual Studio Solution File, Format Version 12.00
# Visual Studio 15
VisualStudioVersion = 15.0.26124.0
MinimumVisualStudioVersion = 15.0.26124.0
Project("{FAE04EC0-301F-11D3-BF4B-00C04F79EFBC}") = "Server", "Server\Server.csproj", "{914C3BA3-268B-4277-A451-763A56DFECB7}"
EndProject
Project("{FAE04EC0-301F-11D3-BF4B-00C04F79EFBC}") = "HubServiceInterfaces", "HubServiceInterfaces\HubServiceInterfaces.csproj", "{B50063E2-7D90-47C1-8947-331434471CE3}"
EndProject
Project("{FAE04EC0-301F-11D3-BF4B-00C04F79EFBC}") = "Clients.ConsoleOne", "Clients.ConsoleOne\Clients.ConsoleOne.csproj", "{67A6C82F-8C62-4910-9649-CE9544EA1E70}"
EndProject
Project("{FAE04EC0-301F-11D3-BF4B-00C04F79EFBC}") = "Clients.ConsoleTwo", "Clients.ConsoleTwo\Clients.ConsoleTwo.csproj", "{C6171C7C-3D6F-49DF-8146-3A837D48A69A}"
EndProject
Global
	GlobalSection(SolutionConfigurationPlatforms) = preSolution
		Debug|Any CPU = Debug|Any CPU
		Debug|x64 = Debug|x64
		Debug|x86 = Debug|x86
		Release|Any CPU = Release|Any CPU
		Release|x64 = Release|x64
		Release|x86 = Release|x86
	EndGlobalSection
	GlobalSection(SolutionProperties) = preSolution
		HideSolutionNode = FALSE
	EndGlobalSection
	GlobalSection(ProjectConfigurationPlatforms) = postSolution
		{914C3BA3-268B-4277-A451-763A56DFECB7}.Debug|Any CPU.ActiveCfg = Debug|Any CPU
		{914C3BA3-268B-4277-A451-763A56DFECB7}.Debug|Any CPU.Build.0 = Debug|Any CPU
		{914C3BA3-268B-4277-A451-763A56DFECB7}.Debug|x64.ActiveCfg = Debug|Any CPU
		{914C3BA3-268B-4277-A451-763A56DFECB7}.Debug|x64.Build.0 = Debug|Any CPU
		{914C3BA3-268B-4277-A451-763A56DFECB7}.Debug|x86.ActiveCfg = Debug|Any CPU
		{914C3BA3-268B-4277-A451-763A56DFECB7}.Debug|x86.Build.0 = Debug|Any CPU
		{914C3BA3-268B-4277-A451-763A56DFECB7}.Release|Any CPU.ActiveCfg = Release|Any CPU
		{914C3BA3-268B-4277-A451-763A56DFECB7}.Release|Any CPU.Build.0 = Release|Any CPU
		{914C3BA3-268B-4277-A451-763A56DFECB7}.Release|x64.ActiveCfg = Release|Any CPU
		{914C3BA3-268B-4277-A451-763A56DFECB7}.Release|x64.Build.0 = Release|Any CPU
		{914C3BA3-268B-4277-A451-763A56DFECB7}.Release|x86.ActiveCfg = Release|Any CPU
		{914C3BA3-268B-4277-A451-763A56DFECB7}.Release|x86.Build.0 = Release|Any CPU
		{B50063E2-7D90-47C1-8947-331434471CE3}.Debug|Any CPU.ActiveCfg = Debug|Any CPU
		{B50063E2-7D90-47C1-8947-331434471CE3}.Debug|Any CPU.Build.0 = Debug|Any CPU
		{B50063E2-7D90-47C1-8947-331434471CE3}.Debug|x64.ActiveCfg = Debug|Any CPU
		{B50063E2-7D90-47C1-8947-331434471CE3}.Debug|x64.Build.0 = Debug|Any CPU
		{B50063E2-7D90-47C1-8947-331434471CE3}.Debug|x86.ActiveCfg = Debug|Any CPU
		{B50063E2-7D90-47C1-8947-331434471CE3}.Debug|x86.Build.0 = Debug|Any CPU
		{B50063E2-7D90-47C1-8947-331434471CE3}.Release|Any CPU.ActiveCfg = Release|Any CPU
		{B50063E2-7D90-47C1-8947-331434471CE3}.Release|Any CPU.Build.0 = Release|Any CPU
		{B50063E2-7D90-47C1-8947-331434471CE3}.Release|x64.ActiveCfg = Release|Any CPU
		{B50063E2-7D90-47C1-8947-331434471CE3}.Release|x64.Build.0 = Release|Any CPU
		{B50063E2-7D90-47C1-8947-331434471CE3}.Release|x86.ActiveCfg = Release|Any CPU
		{B50063E2-7D90-47C1-8947-331434471CE3}.Release|x86.Build.0 = Release|Any CPU
		{67A6C82F-8C62-4910-9649-CE9544EA1E70}.Debug|Any CPU.ActiveCfg = Debug|Any CPU
		{67A6C82F-8C62-4910-9649-CE9544EA1E70}.Debug|Any CPU.Build.0 = Debug|Any CPU
		{67A6C82F-8C62-4910-9649-CE9544EA1E70}.Debug|x64.ActiveCfg = Debug|Any CPU
		{67A6C82F-8C62-4910-9649-CE9544EA1E70}.Debug|x64.Build.0 = Debug|Any CPU
		{67A6C82F-8C62-4910-9649-CE9544EA1E70}.Debug|x86.ActiveCfg = Debug|Any CPU
		{67A6C82F-8C62-4910-9649-CE9544EA1E70}.Debug|x86.Build.0 = Debug|Any CPU
		{67A6C82F-8C62-4910-9649-CE9544EA1E70}.Release|Any CPU.ActiveCfg = Release|Any CPU
		{67A6C82F-8C62-4910-9649-CE9544EA1E70}.Release|Any CPU.Build.0 = Release|Any CPU
		{67A6C82F-8C62-4910-9649-CE9544EA1E70}.Release|x64.ActiveCfg = Release|Any CPU
		{67A6C82F-8C62-4910-9649-CE9544EA1E70}.Release|x64.Build.0 = Release|Any CPU
		{67A6C82F-8C62-4910-9649-CE9544EA1E70}.Release|x86.ActiveCfg = Release|Any CPU
		{67A6C82F-8C62-4910-9649-CE9544EA1E70}.Release|x86.Build.0 = Release|Any CPU
		{C6171C7C-3D6F-49DF-8146-3A837D48A69A}.Debug|Any CPU.ActiveCfg = Debug|Any CPU
		{C6171C7C-3D6F-49DF-8146-3A837D48A69A}.Debug|Any CPU.Build.0 = Debug|Any CPU
		{C6171C7C-3D6F-49DF-8146-3A837D48A69A}.Debug|x64.ActiveCfg = Debug|Any CPU
		{C6171C7C-3D6F-49DF-8146-3A837D48A69A}.Debug|x64.Build.0 = Debug|Any CPU
		{C6171C7C-3D6F-49DF-8146-3A837D48A69A}.Debug|x86.ActiveCfg = Debug|Any CPU
		{C6171C7C-3D6F-49DF-8146-3A837D48A69A}.Debug|x86.Build.0 = Debug|Any CPU
		{C6171C7C-3D6F-49DF-8146-3A837D48A69A}.Release|Any CPU.ActiveCfg = Release|Any CPU
		{C6171C7C-3D6F-49DF-8146-3A837D48A69A}.Release|Any CPU.Build.0 = Release|Any CPU
		{C6171C7C-3D6F-49DF-8146-3A837D48A69A}.Release|x64.ActiveCfg = Release|Any CPU
		{C6171C7C-3D6F-49DF-8146-3A837D48A69A}.Release|x64.Build.0 = Release|Any CPU
		{C6171C7C-3D6F-49DF-8146-3A837D48A69A}.Release|x86.ActiveCfg = Release|Any CPU
		{C6171C7C-3D6F-49DF-8146-3A837D48A69A}.Release|x86.Build.0 = Release|Any CPU
	EndGlobalSection
EndGlobal
